{
  "version": 4,
  "terraform_version": "1.11.1",
  "serial": 4,
  "lineage": "6533fdae-e96e-4e47-22a4-dbb8b8ce60bd",
  "outputs": {},
  "resources": [
    {
      "mode": "managed",
      "type": "local_file",
      "name": "daisy",
      "provider": "provider[\"registry.terraform.io/hashicorp/local\"]",
      "instances": [
        {
          "schema_version": 0,
          "attributes": {
            "content": "I smile under the sun :), I don't like rain.",
            "content_base64": null,
            "content_base64sha256": "Gsj0KGLalaC3I4P9wrer8c7BXsd+7TRO+8NxVwTkNzg=",
            "content_base64sha512": "SKchs1Jk8t9nQBzc9GKP18MILlj0HdpmFEIZxthSQL7BCjgzIMambIo14RQnw8WiEjvo9nL42ukGvv4w4+rTWw==",
            "content_md5": "8d93406d577e362887d9c607c4a2bbc9",
            "content_sha1": "be7f93c44be70df8f4beee5259552a99836e85a2",
            "content_sha256": "1ac8f42862da95a0b72383fdc2b7abf1cec15ec77eed344efbc3715704e43738",
            "content_sha512": "48a721b35264f2df67401cdcf4628fd7c3082e58f41dda66144219c6d85240bec10a383320c6a66c8a35e11427c3c5a2123be8f672f8dae906befe30e3ead35b",
            "directory_permission": "0777",
            "file_permission": "0777",
            "filename": "daisy.txt",
            "id": "be7f93c44be70df8f4beee5259552a99836e85a2",
            "sensitive_content": null,
            "source": null
          },
          "sensitive_attributes": [
            [
              {
                "type": "get_attr",
                "value": "sensitive_content"
              }
            ]
          ]
        }
      ]
    }
  ],
  "check_results": null
}
